{
  "name": "@codegena/todo-app",
  "version": "0.0.1",
  "lockfileVersion": 1,
  "requires": true,
  "dependencies": {
    "@codegena/oapi3ts-cli": {
      "version": "0.0.2",
      "resolved": "https://registry.npmjs.org/@codegena/oapi3ts-cli/-/oapi3ts-cli-0.0.2.tgz",
      "integrity": "sha512-6uxNiuwEltPHHrvQyVeL/0p1cqJo0rZStEnCjaHxeGcPK4kd/k5UNf1OpYLqD64j84VXHUxo4WkWqnV/EIYGQg==",
      "requires": {
        "hash": "^0.2.1",
        "tslib": "^1.9.0"
      }
    },
    "@types/lodash": {
      "version": "4.14.136",
      "resolved": "https://registry.npmjs.org/@types/lodash/-/lodash-4.14.136.tgz",
      "integrity": "sha512-0GJhzBdvsW2RUccNHOBkabI8HZVdOXmXbXhuKlDEd5Vv12P7oAVGfomGp3Ne21o5D/qu1WmthlNKFaoZJJeErA=="
    },
    "hash": {
      "version": "0.2.1",
      "resolved": "https://registry.npmjs.org/hash/-/hash-0.2.1.tgz",
      "integrity": "sha1-pxnXiTl8VjfwIEPAwYD0Mf35puw="
    },
    "lodash": {
      "version": "4.17.15",
      "resolved": "https://registry.npmjs.org/lodash/-/lodash-4.17.15.tgz",
      "integrity": "sha512-8xOcRHvCjnocdS5cpwXQXVzmmh5e5+saE2QGoeQmbKmRS6J3VQppPOIt0MnmE+4xlZoumy0GPG0D0MVIQbNA1A=="
    },
    "tslib": {
      "version": "1.10.0",
      "resolved": "https://registry.npmjs.org/tslib/-/tslib-1.10.0.tgz",
      "integrity": "sha512-qOebF53frne81cf0S9B41ByenJ3/IuH8yJKngAX35CmiZySA0khhkovshKK+jGCaMnVomla7gVlIcc3EvKPbTQ=="
    }
  }
}
